
Microsoft Visual Studio Solution File, Format Version 12.00
# Visual Studio Version 17
VisualStudioVersion = 17.0.31919.166
MinimumVisualStudioVersion = 10.0.40219.1
Project("{FAE04EC0-301F-11D3-BF4B-00C04F79EFBC}") = "Percentrop", "Percentrop\Percentrop.csproj", "{0B95A44F-2B0A-4F23-8444-DA74759B7F46}"
EndProject
Global
	GlobalSection(SolutionConfigurationPlatforms) = preSolution
		Debug|Any CPU = Debug|Any CPU
		Release|Any CPU = Release|Any CPU
	EndGlobalSection
	GlobalSection(ProjectConfigurationPlatforms) = postSolution
		{0B95A44F-2B0A-4F23-8444-DA74759B7F46}.Debug|Any CPU.ActiveCfg = Debug|Any CPU
		{0B95A44F-2B0A-4F23-8444-DA74759B7F46}.Debug|Any CPU.Build.0 = Debug|Any CPU
		{0B95A44F-2B0A-4F23-8444-DA74759B7F46}.Release|Any CPU.ActiveCfg = Release|Any CPU
		{0B95A44F-2B0A-4F23-8444-DA74759B7F46}.Release|Any CPU.Build.0 = Release|Any CPU
	EndGlobalSection
	GlobalSection(SolutionProperties) = preSolution
		HideSolutionNode = FALSE
	EndGlobalSection
	GlobalSection(ExtensibilityGlobals) = postSolution
		SolutionGuid = {57613384-72AA-4616-8C00-B4B9CA2EBCAE}
	EndGlobalSection
EndGlobal
